
Microsoft Visual Studio Solution File, Format Version 12.00
# Visual Studio Version 17
VisualStudioVersion = 17.5.33530.505
MinimumVisualStudioVersion = 10.0.40219.1
Project("{FAE04EC0-301F-11D3-BF4B-00C04F79EFBC}") = "WinForms-App", "conexionDB\WinForms-App.csproj", "{5AE60630-D0F1-4496-B615-C0B7D57A4D55}"
EndProject
Project("{FAE04EC0-301F-11D3-BF4B-00C04F79EFBC}") = "Dominio", "Dominio\Dominio.csproj", "{62957674-4061-4681-A2A8-EC66C6D73C77}"
EndProject
Project("{FAE04EC0-301F-11D3-BF4B-00C04F79EFBC}") = "Negocio", "Negocio\Negocio.csproj", "{A9477846-D341-4931-85FD-17681C51C196}"
EndProject
Global
	GlobalSection(SolutionConfigurationPlatforms) = preSolution
		Debug|Any CPU = Debug|Any CPU
		Release|Any CPU = Release|Any CPU
	EndGlobalSection
	GlobalSection(ProjectConfigurationPlatforms) = postSolution
		{5AE60630-D0F1-4496-B615-C0B7D57A4D55}.Debug|Any CPU.ActiveCfg = Debug|Any CPU
		{5AE60630-D0F1-4496-B615-C0B7D57A4D55}.Debug|Any CPU.Build.0 = Debug|Any CPU
		{5AE60630-D0F1-4496-B615-C0B7D57A4D55}.Release|Any CPU.ActiveCfg = Release|Any CPU
		{5AE60630-D0F1-4496-B615-C0B7D57A4D55}.Release|Any CPU.Build.0 = Release|Any CPU
		{62957674-4061-4681-A2A8-EC66C6D73C77}.Debug|Any CPU.ActiveCfg = Debug|Any CPU
		{62957674-4061-4681-A2A8-EC66C6D73C77}.Debug|Any CPU.Build.0 = Debug|Any CPU
		{62957674-4061-4681-A2A8-EC66C6D73C77}.Release|Any CPU.ActiveCfg = Release|Any CPU
		{62957674-4061-4681-A2A8-EC66C6D73C77}.Release|Any CPU.Build.0 = Release|Any CPU
		{A9477846-D341-4931-85FD-17681C51C196}.Debug|Any CPU.ActiveCfg = Debug|Any CPU
		{A9477846-D341-4931-85FD-17681C51C196}.Debug|Any CPU.Build.0 = Debug|Any CPU
		{A9477846-D341-4931-85FD-17681C51C196}.Release|Any CPU.ActiveCfg = Release|Any CPU
		{A9477846-D341-4931-85FD-17681C51C196}.Release|Any CPU.Build.0 = Release|Any CPU
	EndGlobalSection
	GlobalSection(SolutionProperties) = preSolution
		HideSolutionNode = FALSE
	EndGlobalSection
	GlobalSection(ExtensibilityGlobals) = postSolution
		SolutionGuid = {CB19C4C0-4E92-4092-AE1C-053F9130E553}
	EndGlobalSection
EndGlobal
