
Microsoft Visual Studio Solution File, Format Version 12.00
# Visual Studio Version 17
VisualStudioVersion = 17.5.33530.505
MinimumVisualStudioVersion = 10.0.40219.1
Project("{FAE04EC0-301F-11D3-BF4B-00C04F79EFBC}") = "laSintaxisCsharp", "laSintaxisCsharp\laSintaxisCsharp.csproj", "{EA9136D8-EF39-49BC-9205-4CA481D9B881}"
EndProject
Project("{FAE04EC0-301F-11D3-BF4B-00C04F79EFBC}") = "progama con interfas grafica winfor.net", "progama con interfas grafica winfor.net\progama con interfas grafica winfor.net.csproj", "{06CEAE6E-EB36-48D3-A946-41310DE175B8}"
EndProject
Project("{FAE04EC0-301F-11D3-BF4B-00C04F79EFBC}") = "programasimple", "programasimple\programasimple.csproj", "{86693FCE-56F4-481E-9F75-B6F7C1805DB9}"
EndProject
Global
	GlobalSection(SolutionConfigurationPlatforms) = preSolution
		Debug|Any CPU = Debug|Any CPU
		Release|Any CPU = Release|Any CPU
	EndGlobalSection
	GlobalSection(ProjectConfigurationPlatforms) = postSolution
		{EA9136D8-EF39-49BC-9205-4CA481D9B881}.Debug|Any CPU.ActiveCfg = Debug|Any CPU
		{EA9136D8-EF39-49BC-9205-4CA481D9B881}.Debug|Any CPU.Build.0 = Debug|Any CPU
		{EA9136D8-EF39-49BC-9205-4CA481D9B881}.Release|Any CPU.ActiveCfg = Release|Any CPU
		{EA9136D8-EF39-49BC-9205-4CA481D9B881}.Release|Any CPU.Build.0 = Release|Any CPU
		{06CEAE6E-EB36-48D3-A946-41310DE175B8}.Debug|Any CPU.ActiveCfg = Debug|Any CPU
		{06CEAE6E-EB36-48D3-A946-41310DE175B8}.Debug|Any CPU.Build.0 = Debug|Any CPU
		{06CEAE6E-EB36-48D3-A946-41310DE175B8}.Release|Any CPU.ActiveCfg = Release|Any CPU
		{06CEAE6E-EB36-48D3-A946-41310DE175B8}.Release|Any CPU.Build.0 = Release|Any CPU
		{86693FCE-56F4-481E-9F75-B6F7C1805DB9}.Debug|Any CPU.ActiveCfg = Debug|Any CPU
		{86693FCE-56F4-481E-9F75-B6F7C1805DB9}.Debug|Any CPU.Build.0 = Debug|Any CPU
		{86693FCE-56F4-481E-9F75-B6F7C1805DB9}.Release|Any CPU.ActiveCfg = Release|Any CPU
		{86693FCE-56F4-481E-9F75-B6F7C1805DB9}.Release|Any CPU.Build.0 = Release|Any CPU
	EndGlobalSection
	GlobalSection(SolutionProperties) = preSolution
		HideSolutionNode = FALSE
	EndGlobalSection
	GlobalSection(ExtensibilityGlobals) = postSolution
		SolutionGuid = {41B61A61-6FFA-4CD1-BE32-B86E1B8A5703}
	EndGlobalSection
EndGlobal
